schema: '2.0'
stages:
  data_ingestion:
    cmd: python3 src/data/data_ingestion.py
    deps:
    - path: src/data/data_ingestion.py
      hash: md5
      md5: bb90bfe1d3421ae80bc439a161d04e3e
      size: 3449
    params:
      params.yaml:
        data_ingestion.test_size: 0.3
    outs:
    - path: data/raw
      hash: md5
      md5: cdbc97ec2b63b571654ff33a9368f91e.dir
      size: 817597
      nfiles: 2
  data_preprocessing:
    cmd: python3 src/data/data_preprocessing.py
    deps:
    - path: data/raw
      hash: md5
      md5: 6d7c9717b531961233cd66af69381384.dir
      size: 817597
      nfiles: 2
    - path: src/data/data_preprocessing.py
      hash: md5
      md5: 2031843912c4af269f668db21e154783
      size: 3895
    outs:
    - path: data/interim
      hash: md5
      md5: 94e5f89803f9da6e0be502e0765c11ba.dir
      size: 555834
      nfiles: 2
  feature_engineering:
    cmd: python3 src/features/feature_engineering.py
    deps:
    - path: data/interim
      hash: md5
      md5: 94e5f89803f9da6e0be502e0765c11ba.dir
      size: 555834
      nfiles: 2
    - path: src/features/feature_engineering.py
      hash: md5
      md5: c31d529baa90d8ec73ec7a725a7615d0
      size: 3672
    params:
      params.yaml:
        feature_engineering.max_features: 25
    outs:
    - path: data/processed
      hash: md5
      md5: 64fbfd69067022e2767842fbb8476cad.dir
      size: 539590
      nfiles: 2
  model_building:
    cmd: python3 src/model/model_building.py
    deps:
    - path: data/processed
      hash: md5
      md5: 64fbfd69067022e2767842fbb8476cad.dir
      size: 539590
      nfiles: 2
    - path: src/model/model_building.py
      hash: md5
      md5: f463881c6df8539b78b3aca81f6d87f1
      size: 2986
    params:
      params.yaml:
        model_building.learning_rate: 0.1
        model_building.n_estimators: 25
    outs:
    - path: models/model.pkl
      hash: md5
      md5: dedc4cba600b780ed3fa6404731c9589
      size: 37535
  model_evaluation:
    cmd: python3 src/model/model_evaluation.py
    deps:
    - path: models/model.pkl
      hash: md5
      md5: dedc4cba600b780ed3fa6404731c9589
      size: 37535
    - path: src/model/model_evaluation.py
      hash: md5
      md5: 1b0df2e8fb4c2dc8ce3570c0760e160b
      size: 3280
    outs:
    - path: reports/metrics.json
      hash: md5
      md5: 2684ae6d0113dedb352449c63db229c2
      size: 139
